
Microsoft Visual Studio Solution File, Format Version 12.00
# Visual Studio Version 16
VisualStudioVersion = 16.0.31613.86
MinimumVisualStudioVersion = 10.0.40219.1
Project("{FAE04EC0-301F-11D3-BF4B-00C04F79EFBC}") = "jQueryDatatableWithButtonsMVC", "jQueryDatatableWithButtonsMVC\jQueryDatatableWithButtonsMVC.csproj", "{91F2DEF1-00E9-4C11-87A5-7361927A98B1}"
EndProject
Global
	GlobalSection(SolutionConfigurationPlatforms) = preSolution
		Debug|Any CPU = Debug|Any CPU
		Release|Any CPU = Release|Any CPU
	EndGlobalSection
	GlobalSection(ProjectConfigurationPlatforms) = postSolution
		{91F2DEF1-00E9-4C11-87A5-7361927A98B1}.Debug|Any CPU.ActiveCfg = Debug|Any CPU
		{91F2DEF1-00E9-4C11-87A5-7361927A98B1}.Debug|Any CPU.Build.0 = Debug|Any CPU
		{91F2DEF1-00E9-4C11-87A5-7361927A98B1}.Release|Any CPU.ActiveCfg = Release|Any CPU
		{91F2DEF1-00E9-4C11-87A5-7361927A98B1}.Release|Any CPU.Build.0 = Release|Any CPU
	EndGlobalSection
	GlobalSection(SolutionProperties) = preSolution
		HideSolutionNode = FALSE
	EndGlobalSection
	GlobalSection(ExtensibilityGlobals) = postSolution
		SolutionGuid = {7949056E-9B7C-4DB7-84A2-C82263A43556}
	EndGlobalSection
EndGlobal
